
Microsoft Visual Studio Solution File, Format Version 12.00
Project("{FAE04EC0-301F-11D3-BF4B-00C04F79EFBC}") = "CAIMMOD.Main", "CAIMMOD.Main\CAIMMOD.Main.csproj", "{6F4B946E-2042-4D31-85FE-A1578B6304C0}"
EndProject
Global
	GlobalSection(SolutionConfigurationPlatforms) = preSolution
		Debug|Any CPU = Debug|Any CPU
		Release|Any CPU = Release|Any CPU
	EndGlobalSection
	GlobalSection(ProjectConfigurationPlatforms) = postSolution
		{6F4B946E-2042-4D31-85FE-A1578B6304C0}.Debug|Any CPU.ActiveCfg = Debug|Any CPU
		{6F4B946E-2042-4D31-85FE-A1578B6304C0}.Debug|Any CPU.Build.0 = Debug|Any CPU
		{6F4B946E-2042-4D31-85FE-A1578B6304C0}.Release|Any CPU.ActiveCfg = Release|Any CPU
		{6F4B946E-2042-4D31-85FE-A1578B6304C0}.Release|Any CPU.Build.0 = Release|Any CPU
	EndGlobalSection
EndGlobal
